
Microsoft Visual Studio Solution File, Format Version 12.00
# Visual Studio 2013
VisualStudioVersion = 12.0.21005.1
MinimumVisualStudioVersion = 10.0.40219.1
Project("{FAE04EC0-301F-11D3-BF4B-00C04F79EFBC}") = "ConferenceService", "ConferenceService\ConferenceService.csproj", "{FFECE65D-E679-4FE9-8C0E-B4ED7FFCB59F}"
EndProject
Project("{FAE04EC0-301F-11D3-BF4B-00C04F79EFBC}") = "ConferenceData", "ConferenceData\ConferenceData.csproj", "{4671A516-DA7F-422E-A91B-E2A8CB9812C4}"
EndProject
Global
	GlobalSection(SolutionConfigurationPlatforms) = preSolution
		Debug|Any CPU = Debug|Any CPU
		Release|Any CPU = Release|Any CPU
	EndGlobalSection
	GlobalSection(ProjectConfigurationPlatforms) = postSolution
		{FFECE65D-E679-4FE9-8C0E-B4ED7FFCB59F}.Debug|Any CPU.ActiveCfg = Debug|Any CPU
		{FFECE65D-E679-4FE9-8C0E-B4ED7FFCB59F}.Debug|Any CPU.Build.0 = Debug|Any CPU
		{FFECE65D-E679-4FE9-8C0E-B4ED7FFCB59F}.Release|Any CPU.ActiveCfg = Release|Any CPU
		{FFECE65D-E679-4FE9-8C0E-B4ED7FFCB59F}.Release|Any CPU.Build.0 = Release|Any CPU
		{4671A516-DA7F-422E-A91B-E2A8CB9812C4}.Debug|Any CPU.ActiveCfg = Debug|Any CPU
		{4671A516-DA7F-422E-A91B-E2A8CB9812C4}.Debug|Any CPU.Build.0 = Debug|Any CPU
		{4671A516-DA7F-422E-A91B-E2A8CB9812C4}.Release|Any CPU.ActiveCfg = Release|Any CPU
		{4671A516-DA7F-422E-A91B-E2A8CB9812C4}.Release|Any CPU.Build.0 = Release|Any CPU
	EndGlobalSection
	GlobalSection(SolutionProperties) = preSolution
		HideSolutionNode = FALSE
	EndGlobalSection
EndGlobal
